// !$*UTF8*$!
{
	archiveVersion = 1;
	classes = {
	};
	objectVersion = 50;
	objects = {

/* Begin PBXBuildFile section */
		C83C6D732150CB4800DA32E4 /* AppDelegate.m in Sources */ = {isa = PBXBuildFile; fileRef = C83C6D722150CB4800DA32E4 /* AppDelegate.m */; };
		C83C6D792150CB4800DA32E4 /* Main.storyboard in Resources */ = {isa = PBXBuildFile; fileRef = C83C6D772150CB4800DA32E4 /* Main.storyboard */; };
		C83C6D7B2150CB4B00DA32E4 /* Assets.xcassets in Resources */ = {isa = PBXBuildFile; fileRef = C83C6D7A2150CB4B00DA32E4 /* Assets.xcassets */; };
		C83C6D7E2150CB4B00DA32E4 /* LaunchScreen.storyboard in Resources */ = {isa = PBXBuildFile; fileRef = C83C6D7C2150CB4B00DA32E4 /* LaunchScreen.storyboard */; };
		C83C6D812150CB4B00DA32E4 /* main.m in Sources */ = {isa = PBXBuildFile; fileRef = C83C6D802150CB4B00DA32E4 /* main.m */; };
		C83C6D8B2150CB4C00DA32E4 /* UITableViewController_Challenge_SolutionTests.m in Sources */ = {isa = PBXBuildFile; fileRef = C83C6D8A2150CB4C00DA32E4 /* UITableViewController_Challenge_SolutionTests.m */; };
		C83C6D962150CB4C00DA32E4 /* UITableViewController_Challenge_SolutionUITests.m in Sources */ = {isa = PBXBuildFile; fileRef = C83C6D952150CB4C00DA32E4 /* UITableViewController_Challenge_SolutionUITests.m */; };
		C83C6DA52150CF2000DA32E4 /* CCTableViewController.m in Sources */ = {isa = PBXBuildFile; fileRef = C83C6DA42150CF2000DA32E4 /* CCTableViewController.m */; };
/* End PBXBuildFile section */

/* Begin PBXContainerItemProxy section */
		C83C6D872150CB4C00DA32E4 /* PBXContainerItemProxy */ = {
			isa = PBXContainerItemProxy;
			containerPortal = C83C6D662150CB4800DA32E4 /* Project object */;
			proxyType = 1;
			remoteGlobalIDString = C83C6D6D2150CB4800DA32E4;
			remoteInfo = "UITableViewController Challenge Solution";
		};
		C83C6D922150CB4C00DA32E4 /* PBXContainerItemProxy */ = {
			isa = PBXContainerItemProxy;
			containerPortal = C83C6D662150CB4800DA32E4 /* Project object */;
			proxyType = 1;
			remoteGlobalIDString = C83C6D6D2150CB4800DA32E4;
			remoteInfo = "UITableViewController Challenge Solution";
		};
/* End PBXContainerItemProxy section */

/* Begin PBXFileReference section */
		C83C6D6E2150CB4800DA32E4 /* UITableViewController Challenge Solution.app */ = {isa = PBXFileReference; explicitFileType = wrapper.application; includeInIndex = 0; path = "UITableViewController Challenge Solution.app"; sourceTree = BUILT_PRODUCTS_DIR; };
		C83C6D712150CB4800DA32E4 /* AppDelegate.h */ = {isa = PBXFileReference; lastKnownFileType = sourcecode.c.h; path = AppDelegate.h; sourceTree = "<group>"; };
		C83C6D722150CB4800DA32E4 /* AppDelegate.m */ = {isa = PBXFileReference; lastKnownFileType = sourcecode.c.objc; path = AppDelegate.m; sourceTree = "<group>"; };
		C83C6D782150CB4800DA32E4 /* Base */ = {isa = PBXFileReference; lastKnownFileType = file.storyboard; name = Base; path = Base.lproj/Main.storyboard; sourceTree = "<group>"; };
		C83C6D7A2150CB4B00DA32E4 /* Assets.xcassets */ = {isa = PBXFileReference; lastKnownFileType = folder.assetcatalog; path = Assets.xcassets; sourceTree = "<group>"; };
		C83C6D7D2150CB4B00DA32E4 /* Base */ = {isa = PBXFileReference; lastKnownFileType = file.storyboard; name = Base; path = Base.lproj/LaunchScreen.storyboard; sourceTree = "<group>"; };
		C83C6D7F2150CB4B00DA32E4 /* Info.plist */ = {isa = PBXFileReference; lastKnownFileType = text.plist.xml; path = Info.plist; sourceTree = "<group>"; };
		C83C6D802150CB4B00DA32E4 /* main.m */ = {isa = PBXFileReference; lastKnownFileType = sourcecode.c.objc; path = main.m; sourceTree = "<group>"; };
		C83C6D862150CB4C00DA32E4 /* UITableViewController Challenge SolutionTests.xctest */ = {isa = PBXFileReference; explicitFileType = wrapper.cfbundle; includeInIndex = 0; path = "UITableViewController Challenge SolutionTests.xctest"; sourceTree = BUILT_PRODUCTS_DIR; };
		C83C6D8A2150CB4C00DA32E4 /* UITableViewController_Challenge_SolutionTests.m */ = {isa = PBXFileReference; lastKnownFileType = sourcecode.c.objc; path = UITableViewController_Challenge_SolutionTests.m; sourceTree = "<group>"; };
		C83C6D8C2150CB4C00DA32E4 /* Info.plist */ = {isa = PBXFileReference; lastKnownFileType = text.plist.xml; path = Info.plist; sourceTree = "<group>"; };
		C83C6D912150CB4C00DA32E4 /* UITableViewController Challenge SolutionUITests.xctest */ = {isa = PBXFileReference; explicitFileType = wrapper.cfbundle; includeInIndex = 0; path = "UITableViewController Challenge SolutionUITests.xctest"; sourceTree = BUILT_PRODUCTS_DIR; };
		C83C6D952150CB4C00DA32E4 /* UITableViewController_Challenge_SolutionUITests.m */ = {isa = PBXFileReference; lastKnownFileType = sourcecode.c.objc; path = UITableViewController_Challenge_SolutionUITests.m; sourceTree = "<group>"; };
		C83C6D972150CB4C00DA32E4 /* Info.plist */ = {isa = PBXFileReference; lastKnownFileType = text.plist.xml; path = Info.plist; sourceTree = "<group>"; };
		C83C6DA32150CF2000DA32E4 /* CCTableViewController.h */ = {isa = PBXFileReference; lastKnownFileType = sourcecode.c.h; path = CCTableViewController.h; sourceTree = "<group>"; };
		C83C6DA42150CF2000DA32E4 /* CCTableViewController.m */ = {isa = PBXFileReference; lastKnownFileType = sourcecode.c.objc; path = CCTableViewController.m; sourceTree = "<group>"; };
/* End PBXFileReference section */

/* Begin PBXFrameworksBuildPhase section */
		C83C6D6B2150CB4800DA32E4 /* Frameworks */ = {
			isa = PBXFrameworksBuildPhase;
			buildActionMask = 2147483647;
			files = (
			);
			runOnlyForDeploymentPostprocessing = 0;
		};
		C83C6D832150CB4C00DA32E4 /* Frameworks */ = {
			isa = PBXFrameworksBuildPhase;
			buildActionMask = 2147483647;
			files = (
			);
			runOnlyForDeploymentPostprocessing = 0;
		};
		C83C6D8E2150CB4C00DA32E4 /* Frameworks */ = {
			isa = PBXFrameworksBuildPhase;
			buildActionMask = 2147483647;
			files = (
			);
			runOnlyForDeploymentPostprocessing = 0;
		};
/* End PBXFrameworksBuildPhase section */

/* Begin PBXGroup section */
		C83C6D652150CB4800DA32E4 = {
			isa = PBXGroup;
			children = (
				C83C6D702150CB4800DA32E4 /* UITableViewController Challenge Solution */,
				C83C6D892150CB4C00DA32E4 /* UITableViewController Challenge SolutionTests */,
				C83C6D942150CB4C00DA32E4 /* UITableViewController Challenge SolutionUITests */,
				C83C6D6F2150CB4800DA32E4 /* Products */,
			);
			sourceTree = "<group>";
		};
		C83C6D6F2150CB4800DA32E4 /* Products */ = {
			isa = PBXGroup;
			children = (
				C83C6D6E2150CB4800DA32E4 /* UITableViewController Challenge Solution.app */,
				C83C6D862150CB4C00DA32E4 /* UITableViewController Challenge SolutionTests.xctest */,
				C83C6D912150CB4C00DA32E4 /* UITableViewController Challenge SolutionUITests.xctest */,
			);
			name = Products;
			sourceTree = "<group>";
		};
		C83C6D702150CB4800DA32E4 /* UITableViewController Challenge Solution */ = {
			isa = PBXGroup;
			children = (
				C83C6D712150CB4800DA32E4 /* AppDelegate.h */,
				C83C6D722150CB4800DA32E4 /* AppDelegate.m */,
				C83C6D772150CB4800DA32E4 /* Main.storyboard */,
				C83C6DA32150CF2000DA32E4 /* CCTableViewController.h */,
				C83C6DA42150CF2000DA32E4 /* CCTableViewController.m */,
				C83C6D7A2150CB4B00DA32E4 /* Assets.xcassets */,
				C83C6D7C2150CB4B00DA32E4 /* LaunchScreen.storyboard */,
				C83C6D7F2150CB4B00DA32E4 /* Info.plist */,
				C83C6D802150CB4B00DA32E4 /* main.m */,
			);
			path = "UITableViewController Challenge Solution";
			sourceTree = "<group>";
		};
		C83C6D892150CB4C00DA32E4 /* UITableViewController Challenge SolutionTests */ = {
			isa = PBXGroup;
			children = (
				C83C6D8A2150CB4C00DA32E4 /* UITableViewController_Challenge_SolutionTests.m */,
				C83C6D8C2150CB4C00DA32E4 /* Info.plist */,
			);
			path = "UITableViewController Challenge SolutionTests";
			sourceTree = "<group>";
		};
		C83C6D942150CB4C00DA32E4 /* UITableViewController Challenge SolutionUITests */ = {
			isa = PBXGroup;
			children = (
				C83C6D952150CB4C00DA32E4 /* UITableViewController_Challenge_SolutionUITests.m */,
				C83C6D972150CB4C00DA32E4 /* Info.plist */,
			);
			path = "UITableViewController Challenge SolutionUITests";
			sourceTree = "<group>";
		};
/* End PBXGroup section */

/* Begin PBXNativeTarget section */
		C83C6D6D2150CB4800DA32E4 /* UITableViewController Challenge Solution */ = {
			isa = PBXNativeTarget;
			buildConfigurationList = C83C6D9A2150CB4C00DA32E4 /* Build configuration list for PBXNativeTarget "UITableViewController Challenge Solution" */;
			buildPhases = (
				C83C6D6A2150CB4800DA32E4 /* Sources */,
				C83C6D6B2150CB4800DA32E4 /* Frameworks */,
				C83C6D6C2150CB4800DA32E4 /* Resources */,
			);
			buildRules = (
			);
			dependencies = (
			);
			name = "UITableViewController Challenge Solution";
			productName = "UITableViewController Challenge Solution";
			productReference = C83C6D6E2150CB4800DA32E4 /* UITableViewController Challenge Solution.app */;
			productType = "com.apple.product-type.application";
		};
		C83C6D852150CB4C00DA32E4 /* UITableViewController Challenge SolutionTests */ = {
			isa = PBXNativeTarget;
			buildConfigurationList = C83C6D9D2150CB4C00DA32E4 /* Build configuration list for PBXNativeTarget "UITableViewController Challenge SolutionTests" */;
			buildPhases = (
				C83C6D822150CB4C00DA32E4 /* Sources */,
				C83C6D832150CB4C00DA32E4 /* Frameworks */,
				C83C6D842150CB4C00DA32E4 /* Resources */,
			);
			buildRules = (
			);
			dependencies = (
				C83C6D882150CB4C00DA32E4 /* PBXTargetDependency */,
			);
			name = "UITableViewController Challenge SolutionTests";
			productName = "UITableViewController Challenge SolutionTests";
			productReference = C83C6D862150CB4C00DA32E4 /* UITableViewController Challenge SolutionTests.xctest */;
			productType = "com.apple.product-type.bundle.unit-test";
		};
		C83C6D902150CB4C00DA32E4 /* UITableViewController Challenge SolutionUITests */ = {
			isa = PBXNativeTarget;
			buildConfigurationList = C83C6DA02150CB4C00DA32E4 /* Build configuration list for PBXNativeTarget "UITableViewController Challenge SolutionUITests" */;
			buildPhases = (
				C83C6D8D2150CB4C00DA32E4 /* Sources */,
				C83C6D8E2150CB4C00DA32E4 /* Frameworks */,
				C83C6D8F2150CB4C00DA32E4 /* Resources */,
			);
			buildRules = (
			);
			dependencies = (
				C83C6D932150CB4C00DA32E4 /* PBXTargetDependency */,
			);
			name = "UITableViewController Challenge SolutionUITests";
			productName = "UITableViewController Challenge SolutionUITests";
			productReference = C83C6D912150CB4C00DA32E4 /* UITableViewController Challenge SolutionUITests.xctest */;
			productType = "com.apple.product-type.bundle.ui-testing";
		};
/* End PBXNativeTarget section */

/* Begin PBXProject section */
		C83C6D662150CB4800DA32E4 /* Project object */ = {
			isa = PBXProject;
			attributes = {
				LastUpgradeCheck = 0940;
				ORGANIZATIONNAME = Easypos2;
				TargetAttributes = {
					C83C6D6D2150CB4800DA32E4 = {
						CreatedOnToolsVersion = 9.4.1;
					};
					C83C6D852150CB4C00DA32E4 = {
						CreatedOnToolsVersion = 9.4.1;
						TestTargetID = C83C6D6D2150CB4800DA32E4;
					};
					C83C6D902150CB4C00DA32E4 = {
						CreatedOnToolsVersion = 9.4.1;
						TestTargetID = C83C6D6D2150CB4800DA32E4;
					};
				};
			};
			buildConfigurationList = C83C6D692150CB4800DA32E4 /* Build configuration list for PBXProject "UITableViewController Challenge Solution" */;
			compatibilityVersion = "Xcode 9.3";
			developmentRegion = en;
			hasScannedForEncodings = 0;
			knownRegions = (
				en,
				Base,
			);
			mainGroup = C83C6D652150CB4800DA32E4;
			productRefGroup = C83C6D6F2150CB4800DA32E4 /* Products */;
			projectDirPath = "";
			projectRoot = "";
			targets = (
				C83C6D6D2150CB4800DA32E4 /* UITableViewController Challenge Solution */,
				C83C6D852150CB4C00DA32E4 /* UITableViewController Challenge SolutionTests */,
				C83C6D902150CB4C00DA32E4 /* UITableViewController Challenge SolutionUITests */,
			);
		};
/* End PBXProject section */

/* Begin PBXResourcesBuildPhase section */
		C83C6D6C2150CB4800DA32E4 /* Resources */ = {
			isa = PBXResourcesBuildPhase;
			buildActionMask = 2147483647;
			files = (
				C83C6D7E2150CB4B00DA32E4 /* LaunchScreen.storyboard in Resources */,
				C83C6D7B2150CB4B00DA32E4 /* Assets.xcassets in Resources */,
				C83C6D792150CB4800DA32E4 /* Main.storyboard in Resources */,
			);
			runOnlyForDeploymentPostprocessing = 0;
		};
		C83C6D842150CB4C00DA32E4 /* Resources */ = {
			isa = PBXResourcesBuildPhase;
			buildActionMask = 2147483647;
			files = (
			);
			runOnlyForDeploymentPostprocessing = 0;
		};
		C83C6D8F2150CB4C00DA32E4 /* Resources */ = {
			isa = PBXResourcesBuildPhase;
			buildActionMask = 2147483647;
			files = (
			);
			runOnlyForDeploymentPostprocessing = 0;
		};
/* End PBXResourcesBuildPhase section */

/* Begin PBXSourcesBuildPhase section */
		C83C6D6A2150CB4800DA32E4 /* Sources */ = {
			isa = PBXSourcesBuildPhase;
			buildActionMask = 2147483647;
			files = (
				C83C6D812150CB4B00DA32E4 /* main.m in Sources */,
				C83C6D732150CB4800DA32E4 /* AppDelegate.m in Sources */,
				C83C6DA52150CF2000DA32E4 /* CCTableViewController.m in Sources */,
			);
			runOnlyForDeploymentPostprocessing = 0;
		};
		C83C6D822150CB4C00DA32E4 /* Sources */ = {
			isa = PBXSourcesBuildPhase;
			buildActionMask = 2147483647;
			files = (
				C83C6D8B2150CB4C00DA32E4 /* UITableViewController_Challenge_SolutionTests.m in Sources */,
			);
			runOnlyForDeploymentPostprocessing = 0;
		};
		C83C6D8D2150CB4C00DA32E4 /* Sources */ = {
			isa = PBXSourcesBuildPhase;
			buildActionMask = 2147483647;
			files = (
				C83C6D962150CB4C00DA32E4 /* UITableViewController_Challenge_SolutionUITests.m in Sources */,
			);
			runOnlyForDeploymentPostprocessing = 0;
		};
/* End PBXSourcesBuildPhase section */

/* Begin PBXTargetDependency section */
		C83C6D882150CB4C00DA32E4 /* PBXTargetDependency */ = {
			isa = PBXTargetDependency;
			target = C83C6D6D2150CB4800DA32E4 /* UITableViewController Challenge Solution */;
			targetProxy = C83C6D872150CB4C00DA32E4 /* PBXContainerItemProxy */;
		};
		C83C6D932150CB4C00DA32E4 /* PBXTargetDependency */ = {
			isa = PBXTargetDependency;
			target = C83C6D6D2150CB4800DA32E4 /* UITableViewController Challenge Solution */;
			targetProxy = C83C6D922150CB4C00DA32E4 /* PBXContainerItemProxy */;
		};
/* End PBXTargetDependency section */

/* Begin PBXVariantGroup section */
		C83C6D772150CB4800DA32E4 /* Main.storyboard */ = {
			isa = PBXVariantGroup;
			children = (
				C83C6D782150CB4800DA32E4 /* Base */,
			);
			name = Main.storyboard;
			sourceTree = "<group>";
		};
		C83C6D7C2150CB4B00DA32E4 /* LaunchScreen.storyboard */ = {
			isa = PBXVariantGroup;
			children = (
				C83C6D7D2150CB4B00DA32E4 /* Base */,
			);
			name = LaunchScreen.storyboard;
			sourceTree = "<group>";
		};
/* End PBXVariantGroup section */

/* Begin XCBuildConfiguration section */
		C83C6D982150CB4C00DA32E4 /* Debug */ = {
			isa = XCBuildConfiguration;
			buildSettings = {
				ALWAYS_SEARCH_USER_PATHS = NO;
				CLANG_ANALYZER_NONNULL = YES;
				CLANG_ANALYZER_NUMBER_OBJECT_CONVERSION = YES_AGGRESSIVE;
				CLANG_CXX_LANGUAGE_STANDARD = "gnu++14";
				CLANG_CXX_LIBRARY = "libc++";
				CLANG_ENABLE_MODULES = YES;
				CLANG_ENABLE_OBJC_ARC = YES;
				CLANG_ENABLE_OBJC_WEAK = YES;
				CLANG_WARN_BLOCK_CAPTURE_AUTORELEASING = YES;
				CLANG_WARN_BOOL_CONVERSION = YES;
				CLANG_WARN_COMMA = YES;
				CLANG_WARN_CONSTANT_CONVERSION = YES;
				CLANG_WARN_DEPRECATED_OBJC_IMPLEMENTATIONS = YES;
				CLANG_WARN_DIRECT_OBJC_ISA_USAGE = YES_ERROR;
				CLANG_WARN_DOCUMENTATION_COMMENTS = YES;
				CLANG_WARN_EMPTY_BODY = YES;
				CLANG_WARN_ENUM_CONVERSION = YES;
				CLANG_WARN_INFINITE_RECURSION = YES;
				CLANG_WARN_INT_CONVERSION = YES;
				CLANG_WARN_NON_LITERAL_NULL_CONVERSION = YES;
				CLANG_WARN_OBJC_IMPLICIT_RETAIN_SELF = YES;
				CLANG_WARN_OBJC_LITERAL_CONVERSION = YES;
				CLANG_WARN_OBJC_ROOT_CLASS = YES_ERROR;
				CLANG_WARN_RANGE_LOOP_ANALYSIS = YES;
				CLANG_WARN_STRICT_PROTOTYPES = YES;
				CLANG_WARN_SUSPICIOUS_MOVE = YES;
				CLANG_WARN_UNGUARDED_AVAILABILITY = YES_AGGRESSIVE;
				CLANG_WARN_UNREACHABLE_CODE = YES;
				CLANG_WARN__DUPLICATE_METHOD_MATCH = YES;
				CODE_SIGN_IDENTITY = "iPhone Developer";
				COPY_PHASE_STRIP = NO;
				DEBUG_INFORMATION_FORMAT = dwarf;
				ENABLE_STRICT_OBJC_MSGSEND = YES;
				ENABLE_TESTABILITY = YES;
				GCC_C_LANGUAGE_STANDARD = gnu11;
				GCC_DYNAMIC_NO_PIC = NO;
				GCC_NO_COMMON_BLOCKS = YES;
				GCC_OPTIMIZATION_LEVEL = 0;
				GCC_PREPROCESSOR_DEFINITIONS = (
					"DEBUG=1",
					"$(inherited)",
				);
				GCC_WARN_64_TO_32_BIT_CONVERSION = YES;
				GCC_WARN_ABOUT_RETURN_TYPE = YES_ERROR;
				GCC_WARN_UNDECLARED_SELECTOR = YES;
				GCC_WARN_UNINITIALIZED_AUTOS = YES_AGGRESSIVE;
				GCC_WARN_UNUSED_FUNCTION = YES;
				GCC_WARN_UNUSED_VARIABLE = YES;
				IPHONEOS_DEPLOYMENT_TARGET = 11.4;
				MTL_ENABLE_DEBUG_INFO = YES;
				ONLY_ACTIVE_ARCH = YES;
				SDKROOT = iphoneos;
			};
			name = Debug;
		};
		C83C6D992150CB4C00DA32E4 /* Release */ = {
			isa = XCBuildConfiguration;
			buildSettings = {
				ALWAYS_SEARCH_USER_PATHS = NO;
				CLANG_ANALYZER_NONNULL = YES;
				CLANG_ANALYZER_NUMBER_OBJECT_CONVERSION = YES_AGGRESSIVE;
				CLANG_CXX_LANGUAGE_STANDARD = "gnu++14";
				CLANG_CXX_LIBRARY = "libc++";
				CLANG_ENABLE_MODULES = YES;
				CLANG_ENABLE_OBJC_ARC = YES;
				CLANG_ENABLE_OBJC_WEAK = YES;
				CLANG_WARN_BLOCK_CAPTURE_AUTORELEASING = YES;
				CLANG_WARN_BOOL_CONVERSION = YES;
				CLANG_WARN_COMMA = YES;
				CLANG_WARN_CONSTANT_CONVERSION = YES;
				CLANG_WARN_DEPRECATED_OBJC_IMPLEMENTATIONS = YES;
				CLANG_WARN_DIRECT_OBJC_ISA_USAGE = YES_ERROR;
				CLANG_WARN_DOCUMENTATION_COMMENTS = YES;
				CLANG_WARN_EMPTY_BODY = YES;
				CLANG_WARN_ENUM_CONVERSION = YES;
				CLANG_WARN_INFINITE_RECURSION = YES;
				CLANG_WARN_INT_CONVERSION = YES;
				CLANG_WARN_NON_LITERAL_NULL_CONVERSION = YES;
				CLANG_WARN_OBJC_IMPLICIT_RETAIN_SELF = YES;
				CLANG_WARN_OBJC_LITERAL_CONVERSION = YES;
				CLANG_WARN_OBJC_ROOT_CLASS = YES_ERROR;
				CLANG_WARN_RANGE_LOOP_ANALYSIS = YES;
				CLANG_WARN_STRICT_PROTOTYPES = YES;
				CLANG_WARN_SUSPICIOUS_MOVE = YES;
				CLANG_WARN_UNGUARDED_AVAILABILITY = YES_AGGRESSIVE;
				CLANG_WARN_UNREACHABLE_CODE = YES;
				CLANG_WARN__DUPLICATE_METHOD_MATCH = YES;
				CODE_SIGN_IDENTITY = "iPhone Developer";
				COPY_PHASE_STRIP = NO;
				DEBUG_INFORMATION_FORMAT = "dwarf-with-dsym";
				ENABLE_NS_ASSERTIONS = NO;
				ENABLE_STRICT_OBJC_MSGSEND = YES;
				GCC_C_LANGUAGE_STANDARD = gnu11;
				GCC_NO_COMMON_BLOCKS = YES;
				GCC_WARN_64_TO_32_BIT_CONVERSION = YES;
				GCC_WARN_ABOUT_RETURN_TYPE = YES_ERROR;
				GCC_WARN_UNDECLARED_SELECTOR = YES;
				GCC_WARN_UNINITIALIZED_AUTOS = YES_AGGRESSIVE;
				GCC_WARN_UNUSED_FUNCTION = YES;
				GCC_WARN_UNUSED_VARIABLE = YES;
				IPHONEOS_DEPLOYMENT_TARGET = 11.4;
				MTL_ENABLE_DEBUG_INFO = NO;
				SDKROOT = iphoneos;
				VALIDATE_PRODUCT = YES;
			};
			name = Release;
		};
		C83C6D9B2150CB4C00DA32E4 /* Debug */ = {
			isa = XCBuildConfiguration;
			buildSettings = {
				ASSETCATALOG_COMPILER_APPICON_NAME = AppIcon;
				CODE_SIGN_STYLE = Automatic;
				DEVELOPMENT_TEAM = UG9MZFV6X7;
				INFOPLIST_FILE = "UITableViewController Challenge Solution/Info.plist";
				LD_RUNPATH_SEARCH_PATHS = (
					"$(inherited)",
					"@executable_path/Frameworks",
				);
				PRODUCT_BUNDLE_IDENTIFIER = "com.practice.UITableViewController-Challenge-Solution";
				PRODUCT_NAME = "$(TARGET_NAME)";
				TARGETED_DEVICE_FAMILY = "1,2";
			};
			name = Debug;
		};
		C83C6D9C2150CB4C00DA32E4 /* Release */ = {
			isa = XCBuildConfiguration;
			buildSettings = {
				ASSETCATALOG_COMPILER_APPICON_NAME = AppIcon;
				CODE_SIGN_STYLE = Automatic;
				DEVELOPMENT_TEAM = UG9MZFV6X7;
				INFOPLIST_FILE = "UITableViewController Challenge Solution/Info.plist";
				LD_RUNPATH_SEARCH_PATHS = (
					"$(inherited)",
					"@executable_path/Frameworks",
				);
				PRODUCT_BUNDLE_IDENTIFIER = "com.practice.UITableViewController-Challenge-Solution";
				PRODUCT_NAME = "$(TARGET_NAME)";
				TARGETED_DEVICE_FAMILY = "1,2";
			};
			name = Release;
		};
		C83C6D9E2150CB4C00DA32E4 /* Debug */ = {
			isa = XCBuildConfiguration;
			buildSettings = {
				BUNDLE_LOADER = "$(TEST_HOST)";
				CODE_SIGN_STYLE = Automatic;
				DEVELOPMENT_TEAM = UG9MZFV6X7;
				INFOPLIST_FILE = "UITableViewController Challenge SolutionTests/Info.plist";
				LD_RUNPATH_SEARCH_PATHS = (
					"$(inherited)",
					"@executable_path/Frameworks",
					"@loader_path/Frameworks",
				);
				PRODUCT_BUNDLE_IDENTIFIER = "com.practice.UITableViewController-Challenge-SolutionTests";
				PRODUCT_NAME = "$(TARGET_NAME)";
				TARGETED_DEVICE_FAMILY = "1,2";
				TEST_HOST = "$(BUILT_PRODUCTS_DIR)/UITableViewController Challenge Solution.app/UITableViewController Challenge Solution";
			};
			name = Debug;
		};
		C83C6D9F2150CB4C00DA32E4 /* Release */ = {
			isa = XCBuildConfiguration;
			buildSettings = {
				BUNDLE_LOADER = "$(TEST_HOST)";
				CODE_SIGN_STYLE = Automatic;
				DEVELOPMENT_TEAM = UG9MZFV6X7;
				INFOPLIST_FILE = "UITableViewController Challenge SolutionTests/Info.plist";
				LD_RUNPATH_SEARCH_PATHS = (
					"$(inherited)",
					"@executable_path/Frameworks",
					"@loader_path/Frameworks",
				);
				PRODUCT_BUNDLE_IDENTIFIER = "com.practice.UITableViewController-Challenge-SolutionTests";
				PRODUCT_NAME = "$(TARGET_NAME)";
				TARGETED_DEVICE_FAMILY = "1,2";
				TEST_HOST = "$(BUILT_PRODUCTS_DIR)/UITableViewController Challenge Solution.app/UITableViewController Challenge Solution";
			};
			name = Release;
		};
		C83C6DA12150CB4C00DA32E4 /* Debug */ = {
			isa = XCBuildConfiguration;
			buildSettings = {
				CODE_SIGN_STYLE = Automatic;
				DEVELOPMENT_TEAM = UG9MZFV6X7;
				INFOPLIST_FILE = "UITableViewController Challenge SolutionUITests/Info.plist";
				LD_RUNPATH_SEARCH_PATHS = (
					"$(inherited)",
					"@executable_path/Frameworks",
					"@loader_path/Frameworks",
				);
				PRODUCT_BUNDLE_IDENTIFIER = "com.practice.UITableViewController-Challenge-SolutionUITests";
				PRODUCT_NAME = "$(TARGET_NAME)";
				TARGETED_DEVICE_FAMILY = "1,2";
				TEST_TARGET_NAME = "UITableViewController Challenge Solution";
			};
			name = Debug;
		};
		C83C6DA22150CB4C00DA32E4 /* Release */ = {
			isa = XCBuildConfiguration;
			buildSettings = {
				CODE_SIGN_STYLE = Automatic;
				DEVELOPMENT_TEAM = UG9MZFV6X7;
				INFOPLIST_FILE = "UITableViewController Challenge SolutionUITests/Info.plist";
				LD_RUNPATH_SEARCH_PATHS = (
					"$(inherited)",
					"@executable_path/Frameworks",
					"@loader_path/Frameworks",
				);
				PRODUCT_BUNDLE_IDENTIFIER = "com.practice.UITableViewController-Challenge-SolutionUITests";
				PRODUCT_NAME = "$(TARGET_NAME)";
				TARGETED_DEVICE_FAMILY = "1,2";
				TEST_TARGET_NAME = "UITableViewController Challenge Solution";
			};
			name = Release;
		};
/* End XCBuildConfiguration section */

/* Begin XCConfigurationList section */
		C83C6D692150CB4800DA32E4 /* Build configuration list for PBXProject "UITableViewController Challenge Solution" */ = {
			isa = XCConfigurationList;
			buildConfigurations = (
				C83C6D982150CB4C00DA32E4 /* Debug */,
				C83C6D992150CB4C00DA32E4 /* Release */,
			);
			defaultConfigurationIsVisible = 0;
			defaultConfigurationName = Release;
		};
		C83C6D9A2150CB4C00DA32E4 /* Build configuration list for PBXNativeTarget "UITableViewController Challenge Solution" */ = {
			isa = XCConfigurationList;
			buildConfigurations = (
				C83C6D9B2150CB4C00DA32E4 /* Debug */,
				C83C6D9C2150CB4C00DA32E4 /* Release */,
			);
			defaultConfigurationIsVisible = 0;
			defaultConfigurationName = Release;
		};
		C83C6D9D2150CB4C00DA32E4 /* Build configuration list for PBXNativeTarget "UITableViewController Challenge SolutionTests" */ = {
			isa = XCConfigurationList;
			buildConfigurations = (
				C83C6D9E2150CB4C00DA32E4 /* Debug */,
				C83C6D9F2150CB4C00DA32E4 /* Release */,
			);
			defaultConfigurationIsVisible = 0;
			defaultConfigurationName = Release;
		};
		C83C6DA02150CB4C00DA32E4 /* Build configuration list for PBXNativeTarget "UITableViewController Challenge SolutionUITests" */ = {
			isa = XCConfigurationList;
			buildConfigurations = (
				C83C6DA12150CB4C00DA32E4 /* Debug */,
				C83C6DA22150CB4C00DA32E4 /* Release */,
			);
			defaultConfigurationIsVisible = 0;
			defaultConfigurationName = Release;
		};
/* End XCConfigurationList section */
	};
	rootObject = C83C6D662150CB4800DA32E4 /* Project object */;
}
